
Microsoft Visual Studio Solution File, Format Version 12.00
# Visual Studio Version 17
VisualStudioVersion = 17.4.33213.308
MinimumVisualStudioVersion = 10.0.40219.1
Project("{FAE04EC0-301F-11D3-BF4B-00C04F79EFBC}") = "MVC-EFCodeFirst", "MVC-EFCodeFirst\MVC-EFCodeFirst.csproj", "{E65005A9-DF6A-440A-A06F-86C3A7484C45}"
EndProject
Global
	GlobalSection(SolutionConfigurationPlatforms) = preSolution
		Debug|Any CPU = Debug|Any CPU
		Release|Any CPU = Release|Any CPU
	EndGlobalSection
	GlobalSection(ProjectConfigurationPlatforms) = postSolution
		{E65005A9-DF6A-440A-A06F-86C3A7484C45}.Debug|Any CPU.ActiveCfg = Debug|Any CPU
		{E65005A9-DF6A-440A-A06F-86C3A7484C45}.Debug|Any CPU.Build.0 = Debug|Any CPU
		{E65005A9-DF6A-440A-A06F-86C3A7484C45}.Release|Any CPU.ActiveCfg = Release|Any CPU
		{E65005A9-DF6A-440A-A06F-86C3A7484C45}.Release|Any CPU.Build.0 = Release|Any CPU
	EndGlobalSection
	GlobalSection(SolutionProperties) = preSolution
		HideSolutionNode = FALSE
	EndGlobalSection
	GlobalSection(ExtensibilityGlobals) = postSolution
		SolutionGuid = {3A0A918E-1475-480F-A58B-8D9110F178E3}
	EndGlobalSection
EndGlobal
